
Microsoft Visual Studio Solution File, Format Version 12.00
# Visual Studio 14
VisualStudioVersion = 14.0.23107.0
MinimumVisualStudioVersion = 10.0.40219.1
Project("{FAE04EC0-301F-11D3-BF4B-00C04F79EFBC}") = "Cosmos", "cosmos\Cosmos.csproj", "{362E1B17-169A-4324-A1C1-CE7C1142AC75}"
EndProject
Project("{FAE04EC0-301F-11D3-BF4B-00C04F79EFBC}") = "Cosmos.Test", "CosmosTest\Cosmos.Test.csproj", "{CCE2BDCD-B04B-4F58-A5CA-47271B002885}"
EndProject
Project("{FAE04EC0-301F-11D3-BF4B-00C04F79EFBC}") = "Cosmos.Rpc", "CosmosRpc\Cosmos.Rpc.csproj", "{7341E7EA-168C-4688-8B8C-4E697540FBAA}"
EndProject
Project("{FAE04EC0-301F-11D3-BF4B-00C04F79EFBC}") = "Cosmos.Utils.DotNet35", "Cosmos.Utils.DotNet35\Cosmos.Utils.DotNet35.csproj", "{9B9946EE-BEE2-4B04-9392-652545039D11}"
EndProject
Project("{FAE04EC0-301F-11D3-BF4B-00C04F79EFBC}") = "ExampleProject", "..\examples\ExampleProject\ExampleProject.csproj", "{14A6D769-0996-4305-B1FA-07758A546BE3}"
EndProject
Project("{FAE04EC0-301F-11D3-BF4B-00C04F79EFBC}") = "ExampleProjectLib", "..\examples\ExampleProjectLib\ExampleProjectLib.csproj", "{BFF6FB3E-E2F1-494B-963C-C5A5C0DB5B08}"
EndProject
Project("{FAE04EC0-301F-11D3-BF4B-00C04F79EFBC}") = "Cosmos.Framework", "CosmosFramework\Cosmos.Framework.csproj", "{6DE61DC4-0243-4A7F-B0BB-753EA850D3C8}"
EndProject
Project("{FAE04EC0-301F-11D3-BF4B-00C04F79EFBC}") = "Cosmos.Utils.DotNet45", "Cosmos.Utils.DotNet45\Cosmos.Utils.DotNet45.csproj", "{2B4E04E5-6BB8-4E8B-A83A-501180939A9D}"
EndProject
Project("{FAE04EC0-301F-11D3-BF4B-00C04F79EFBC}") = "Cosmos.Actor", "CosmosActor\Cosmos.Actor.csproj", "{501DEEC1-5738-465F-9AB2-4A9FF95A34E9}"
EndProject
Project("{FAE04EC0-301F-11D3-BF4B-00C04F79EFBC}") = "Cosmos.Framework.Components", "Cosmos.Framework.Components\Cosmos.Framework.Components.csproj", "{3689ED7B-D457-4E8C-AD19-5AFAD297F6AA}"
EndProject
Project("{FAE04EC0-301F-11D3-BF4B-00C04F79EFBC}") = "ExampleClient", "..\examples\ExampleClient\ExampleClient.csproj", "{CD36812A-C422-44B0-85E7-0F4DFC14868C}"
EndProject
Global
	GlobalSection(SolutionConfigurationPlatforms) = preSolution
		Debug|Any CPU = Debug|Any CPU
		Debug|Mixed Platforms = Debug|Mixed Platforms
		Debug|x64 = Debug|x64
		Debug|x86 = Debug|x86
		Default|Any CPU = Default|Any CPU
		Default|Mixed Platforms = Default|Mixed Platforms
		Default|x64 = Default|x64
		Default|x86 = Default|x86
		Release|Any CPU = Release|Any CPU
		Release|Mixed Platforms = Release|Mixed Platforms
		Release|x64 = Release|x64
		Release|x86 = Release|x86
	EndGlobalSection
	GlobalSection(ProjectConfigurationPlatforms) = postSolution
		{362E1B17-169A-4324-A1C1-CE7C1142AC75}.Debug|Any CPU.ActiveCfg = Debug|x86
		{362E1B17-169A-4324-A1C1-CE7C1142AC75}.Debug|Mixed Platforms.ActiveCfg = Debug|x86
		{362E1B17-169A-4324-A1C1-CE7C1142AC75}.Debug|Mixed Platforms.Build.0 = Debug|x86
		{362E1B17-169A-4324-A1C1-CE7C1142AC75}.Debug|Mixed Platforms.Deploy.0 = Debug|x86
		{362E1B17-169A-4324-A1C1-CE7C1142AC75}.Debug|x64.ActiveCfg = Debug|x86
		{362E1B17-169A-4324-A1C1-CE7C1142AC75}.Debug|x64.Build.0 = Debug|x86
		{362E1B17-169A-4324-A1C1-CE7C1142AC75}.Debug|x86.ActiveCfg = Debug|x86
		{362E1B17-169A-4324-A1C1-CE7C1142AC75}.Debug|x86.Build.0 = Debug|x86
		{362E1B17-169A-4324-A1C1-CE7C1142AC75}.Default|Any CPU.ActiveCfg = Debug|x86
		{362E1B17-169A-4324-A1C1-CE7C1142AC75}.Default|Any CPU.Build.0 = Debug|x86
		{362E1B17-169A-4324-A1C1-CE7C1142AC75}.Default|Mixed Platforms.ActiveCfg = Debug|x86
		{362E1B17-169A-4324-A1C1-CE7C1142AC75}.Default|x64.ActiveCfg = Release|x86
		{362E1B17-169A-4324-A1C1-CE7C1142AC75}.Default|x64.Build.0 = Release|x86
		{362E1B17-169A-4324-A1C1-CE7C1142AC75}.Default|x86.ActiveCfg = Debug|x86
		{362E1B17-169A-4324-A1C1-CE7C1142AC75}.Release|Any CPU.ActiveCfg = Release|x86
		{362E1B17-169A-4324-A1C1-CE7C1142AC75}.Release|Mixed Platforms.ActiveCfg = Release|x86
		{362E1B17-169A-4324-A1C1-CE7C1142AC75}.Release|Mixed Platforms.Build.0 = Release|x86
		{362E1B17-169A-4324-A1C1-CE7C1142AC75}.Release|Mixed Platforms.Deploy.0 = Release|x86
		{362E1B17-169A-4324-A1C1-CE7C1142AC75}.Release|x64.ActiveCfg = Release|x86
		{362E1B17-169A-4324-A1C1-CE7C1142AC75}.Release|x64.Build.0 = Release|x86
		{362E1B17-169A-4324-A1C1-CE7C1142AC75}.Release|x86.ActiveCfg = Release|x86
		{362E1B17-169A-4324-A1C1-CE7C1142AC75}.Release|x86.Build.0 = Release|x86
		{CCE2BDCD-B04B-4F58-A5CA-47271B002885}.Debug|Any CPU.ActiveCfg = Debug|Any CPU
		{CCE2BDCD-B04B-4F58-A5CA-47271B002885}.Debug|Any CPU.Build.0 = Debug|Any CPU
		{CCE2BDCD-B04B-4F58-A5CA-47271B002885}.Debug|Mixed Platforms.ActiveCfg = Debug|Any CPU
		{CCE2BDCD-B04B-4F58-A5CA-47271B002885}.Debug|Mixed Platforms.Build.0 = Debug|Any CPU
		{CCE2BDCD-B04B-4F58-A5CA-47271B002885}.Debug|x64.ActiveCfg = Debug|Any CPU
		{CCE2BDCD-B04B-4F58-A5CA-47271B002885}.Debug|x64.Build.0 = Debug|Any CPU
		{CCE2BDCD-B04B-4F58-A5CA-47271B002885}.Debug|x86.ActiveCfg = Debug|Any CPU
		{CCE2BDCD-B04B-4F58-A5CA-47271B002885}.Debug|x86.Build.0 = Debug|Any CPU
		{CCE2BDCD-B04B-4F58-A5CA-47271B002885}.Default|Any CPU.ActiveCfg = Debug|Any CPU
		{CCE2BDCD-B04B-4F58-A5CA-47271B002885}.Default|Any CPU.Build.0 = Debug|Any CPU
		{CCE2BDCD-B04B-4F58-A5CA-47271B002885}.Default|Mixed Platforms.ActiveCfg = Debug|Any CPU
		{CCE2BDCD-B04B-4F58-A5CA-47271B002885}.Default|x64.ActiveCfg = Debug|Any CPU
		{CCE2BDCD-B04B-4F58-A5CA-47271B002885}.Default|x64.Build.0 = Debug|Any CPU
		{CCE2BDCD-B04B-4F58-A5CA-47271B002885}.Default|x86.ActiveCfg = Debug|Any CPU
		{CCE2BDCD-B04B-4F58-A5CA-47271B002885}.Release|Any CPU.ActiveCfg = Release|Any CPU
		{CCE2BDCD-B04B-4F58-A5CA-47271B002885}.Release|Any CPU.Build.0 = Release|Any CPU
		{CCE2BDCD-B04B-4F58-A5CA-47271B002885}.Release|Mixed Platforms.ActiveCfg = Release|Any CPU
		{CCE2BDCD-B04B-4F58-A5CA-47271B002885}.Release|Mixed Platforms.Build.0 = Release|Any CPU
		{CCE2BDCD-B04B-4F58-A5CA-47271B002885}.Release|x64.ActiveCfg = Release|Any CPU
		{CCE2BDCD-B04B-4F58-A5CA-47271B002885}.Release|x64.Build.0 = Release|Any CPU
		{CCE2BDCD-B04B-4F58-A5CA-47271B002885}.Release|x86.ActiveCfg = Release|Any CPU
		{CCE2BDCD-B04B-4F58-A5CA-47271B002885}.Release|x86.Build.0 = Release|Any CPU
		{7341E7EA-168C-4688-8B8C-4E697540FBAA}.Debug|Any CPU.ActiveCfg = Debug|Any CPU
		{7341E7EA-168C-4688-8B8C-4E697540FBAA}.Debug|Any CPU.Build.0 = Debug|Any CPU
		{7341E7EA-168C-4688-8B8C-4E697540FBAA}.Debug|Mixed Platforms.ActiveCfg = Debug|Any CPU
		{7341E7EA-168C-4688-8B8C-4E697540FBAA}.Debug|Mixed Platforms.Build.0 = Debug|Any CPU
		{7341E7EA-168C-4688-8B8C-4E697540FBAA}.Debug|x64.ActiveCfg = Debug|Any CPU
		{7341E7EA-168C-4688-8B8C-4E697540FBAA}.Debug|x64.Build.0 = Debug|Any CPU
		{7341E7EA-168C-4688-8B8C-4E697540FBAA}.Debug|x86.ActiveCfg = Debug|Any CPU
		{7341E7EA-168C-4688-8B8C-4E697540FBAA}.Debug|x86.Build.0 = Debug|Any CPU
		{7341E7EA-168C-4688-8B8C-4E697540FBAA}.Default|Any CPU.ActiveCfg = Debug|Any CPU
		{7341E7EA-168C-4688-8B8C-4E697540FBAA}.Default|Any CPU.Build.0 = Debug|Any CPU
		{7341E7EA-168C-4688-8B8C-4E697540FBAA}.Default|Mixed Platforms.ActiveCfg = Debug|Any CPU
		{7341E7EA-168C-4688-8B8C-4E697540FBAA}.Default|Mixed Platforms.Build.0 = Debug|Any CPU
		{7341E7EA-168C-4688-8B8C-4E697540FBAA}.Default|x64.ActiveCfg = Debug|Any CPU
		{7341E7EA-168C-4688-8B8C-4E697540FBAA}.Default|x64.Build.0 = Debug|Any CPU
		{7341E7EA-168C-4688-8B8C-4E697540FBAA}.Default|x86.ActiveCfg = Debug|Any CPU
		{7341E7EA-168C-4688-8B8C-4E697540FBAA}.Default|x86.Build.0 = Debug|Any CPU
		{7341E7EA-168C-4688-8B8C-4E697540FBAA}.Release|Any CPU.ActiveCfg = Release|Any CPU
		{7341E7EA-168C-4688-8B8C-4E697540FBAA}.Release|Any CPU.Build.0 = Release|Any CPU
		{7341E7EA-168C-4688-8B8C-4E697540FBAA}.Release|Mixed Platforms.ActiveCfg = Release|Any CPU
		{7341E7EA-168C-4688-8B8C-4E697540FBAA}.Release|Mixed Platforms.Build.0 = Release|Any CPU
		{7341E7EA-168C-4688-8B8C-4E697540FBAA}.Release|x64.ActiveCfg = Release|Any CPU
		{7341E7EA-168C-4688-8B8C-4E697540FBAA}.Release|x64.Build.0 = Release|Any CPU
		{7341E7EA-168C-4688-8B8C-4E697540FBAA}.Release|x86.ActiveCfg = Release|Any CPU
		{7341E7EA-168C-4688-8B8C-4E697540FBAA}.Release|x86.Build.0 = Release|Any CPU
		{9B9946EE-BEE2-4B04-9392-652545039D11}.Debug|Any CPU.ActiveCfg = Debug|Any CPU
		{9B9946EE-BEE2-4B04-9392-652545039D11}.Debug|Any CPU.Build.0 = Debug|Any CPU
		{9B9946EE-BEE2-4B04-9392-652545039D11}.Debug|Mixed Platforms.ActiveCfg = Debug|Any CPU
		{9B9946EE-BEE2-4B04-9392-652545039D11}.Debug|Mixed Platforms.Build.0 = Debug|Any CPU
		{9B9946EE-BEE2-4B04-9392-652545039D11}.Debug|x64.ActiveCfg = Debug|Any CPU
		{9B9946EE-BEE2-4B04-9392-652545039D11}.Debug|x64.Build.0 = Debug|Any CPU
		{9B9946EE-BEE2-4B04-9392-652545039D11}.Debug|x86.ActiveCfg = Debug|Any CPU
		{9B9946EE-BEE2-4B04-9392-652545039D11}.Debug|x86.Build.0 = Debug|Any CPU
		{9B9946EE-BEE2-4B04-9392-652545039D11}.Default|Any CPU.ActiveCfg = Debug|Any CPU
		{9B9946EE-BEE2-4B04-9392-652545039D11}.Default|Any CPU.Build.0 = Debug|Any CPU
		{9B9946EE-BEE2-4B04-9392-652545039D11}.Default|Mixed Platforms.ActiveCfg = Debug|Any CPU
		{9B9946EE-BEE2-4B04-9392-652545039D11}.Default|Mixed Platforms.Build.0 = Debug|Any CPU
		{9B9946EE-BEE2-4B04-9392-652545039D11}.Default|x64.ActiveCfg = Debug|Any CPU
		{9B9946EE-BEE2-4B04-9392-652545039D11}.Default|x64.Build.0 = Debug|Any CPU
		{9B9946EE-BEE2-4B04-9392-652545039D11}.Default|x86.ActiveCfg = Debug|Any CPU
		{9B9946EE-BEE2-4B04-9392-652545039D11}.Default|x86.Build.0 = Debug|Any CPU
		{9B9946EE-BEE2-4B04-9392-652545039D11}.Release|Any CPU.ActiveCfg = Release|Any CPU
		{9B9946EE-BEE2-4B04-9392-652545039D11}.Release|Any CPU.Build.0 = Release|Any CPU
		{9B9946EE-BEE2-4B04-9392-652545039D11}.Release|Mixed Platforms.ActiveCfg = Release|Any CPU
		{9B9946EE-BEE2-4B04-9392-652545039D11}.Release|Mixed Platforms.Build.0 = Release|Any CPU
		{9B9946EE-BEE2-4B04-9392-652545039D11}.Release|x64.ActiveCfg = Release|Any CPU
		{9B9946EE-BEE2-4B04-9392-652545039D11}.Release|x64.Build.0 = Release|Any CPU
		{9B9946EE-BEE2-4B04-9392-652545039D11}.Release|x86.ActiveCfg = Release|Any CPU
		{9B9946EE-BEE2-4B04-9392-652545039D11}.Release|x86.Build.0 = Release|Any CPU
		{14A6D769-0996-4305-B1FA-07758A546BE3}.Debug|Any CPU.ActiveCfg = Debug|x86
		{14A6D769-0996-4305-B1FA-07758A546BE3}.Debug|Any CPU.Build.0 = Debug|x86
		{14A6D769-0996-4305-B1FA-07758A546BE3}.Debug|Mixed Platforms.ActiveCfg = Debug|x86
		{14A6D769-0996-4305-B1FA-07758A546BE3}.Debug|Mixed Platforms.Build.0 = Debug|x86
		{14A6D769-0996-4305-B1FA-07758A546BE3}.Debug|x64.ActiveCfg = Debug|x86
		{14A6D769-0996-4305-B1FA-07758A546BE3}.Debug|x64.Build.0 = Debug|x86
		{14A6D769-0996-4305-B1FA-07758A546BE3}.Debug|x86.ActiveCfg = Debug|x86
		{14A6D769-0996-4305-B1FA-07758A546BE3}.Debug|x86.Build.0 = Debug|x86
		{14A6D769-0996-4305-B1FA-07758A546BE3}.Default|Any CPU.ActiveCfg = Debug|x86
		{14A6D769-0996-4305-B1FA-07758A546BE3}.Default|Any CPU.Build.0 = Debug|x86
		{14A6D769-0996-4305-B1FA-07758A546BE3}.Default|Mixed Platforms.ActiveCfg = Debug|x86
		{14A6D769-0996-4305-B1FA-07758A546BE3}.Default|Mixed Platforms.Build.0 = Debug|x86
		{14A6D769-0996-4305-B1FA-07758A546BE3}.Default|x64.ActiveCfg = Release|x86
		{14A6D769-0996-4305-B1FA-07758A546BE3}.Default|x64.Build.0 = Release|x86
		{14A6D769-0996-4305-B1FA-07758A546BE3}.Default|x86.ActiveCfg = Debug|x86
		{14A6D769-0996-4305-B1FA-07758A546BE3}.Default|x86.Build.0 = Debug|x86
		{14A6D769-0996-4305-B1FA-07758A546BE3}.Release|Any CPU.ActiveCfg = Release|x86
		{14A6D769-0996-4305-B1FA-07758A546BE3}.Release|Any CPU.Build.0 = Release|x86
		{14A6D769-0996-4305-B1FA-07758A546BE3}.Release|Mixed Platforms.ActiveCfg = Release|x86
		{14A6D769-0996-4305-B1FA-07758A546BE3}.Release|Mixed Platforms.Build.0 = Release|x86
		{14A6D769-0996-4305-B1FA-07758A546BE3}.Release|x64.ActiveCfg = Release|x86
		{14A6D769-0996-4305-B1FA-07758A546BE3}.Release|x64.Build.0 = Release|x86
		{14A6D769-0996-4305-B1FA-07758A546BE3}.Release|x86.ActiveCfg = Release|x86
		{14A6D769-0996-4305-B1FA-07758A546BE3}.Release|x86.Build.0 = Release|x86
		{BFF6FB3E-E2F1-494B-963C-C5A5C0DB5B08}.Debug|Any CPU.ActiveCfg = Debug|Any CPU
		{BFF6FB3E-E2F1-494B-963C-C5A5C0DB5B08}.Debug|Any CPU.Build.0 = Debug|Any CPU
		{BFF6FB3E-E2F1-494B-963C-C5A5C0DB5B08}.Debug|Mixed Platforms.ActiveCfg = Debug|Any CPU
		{BFF6FB3E-E2F1-494B-963C-C5A5C0DB5B08}.Debug|Mixed Platforms.Build.0 = Debug|Any CPU
		{BFF6FB3E-E2F1-494B-963C-C5A5C0DB5B08}.Debug|x64.ActiveCfg = Debug|Any CPU
		{BFF6FB3E-E2F1-494B-963C-C5A5C0DB5B08}.Debug|x64.Build.0 = Debug|Any CPU
		{BFF6FB3E-E2F1-494B-963C-C5A5C0DB5B08}.Debug|x86.ActiveCfg = Debug|Any CPU
		{BFF6FB3E-E2F1-494B-963C-C5A5C0DB5B08}.Debug|x86.Build.0 = Debug|Any CPU
		{BFF6FB3E-E2F1-494B-963C-C5A5C0DB5B08}.Default|Any CPU.ActiveCfg = Debug|Any CPU
		{BFF6FB3E-E2F1-494B-963C-C5A5C0DB5B08}.Default|Any CPU.Build.0 = Debug|Any CPU
		{BFF6FB3E-E2F1-494B-963C-C5A5C0DB5B08}.Default|Mixed Platforms.ActiveCfg = Debug|Any CPU
		{BFF6FB3E-E2F1-494B-963C-C5A5C0DB5B08}.Default|Mixed Platforms.Build.0 = Debug|Any CPU
		{BFF6FB3E-E2F1-494B-963C-C5A5C0DB5B08}.Default|x64.ActiveCfg = Debug|Any CPU
		{BFF6FB3E-E2F1-494B-963C-C5A5C0DB5B08}.Default|x64.Build.0 = Debug|Any CPU
		{BFF6FB3E-E2F1-494B-963C-C5A5C0DB5B08}.Default|x86.ActiveCfg = Debug|Any CPU
		{BFF6FB3E-E2F1-494B-963C-C5A5C0DB5B08}.Default|x86.Build.0 = Debug|Any CPU
		{BFF6FB3E-E2F1-494B-963C-C5A5C0DB5B08}.Release|Any CPU.ActiveCfg = Release|Any CPU
		{BFF6FB3E-E2F1-494B-963C-C5A5C0DB5B08}.Release|Any CPU.Build.0 = Release|Any CPU
		{BFF6FB3E-E2F1-494B-963C-C5A5C0DB5B08}.Release|Mixed Platforms.ActiveCfg = Release|Any CPU
		{BFF6FB3E-E2F1-494B-963C-C5A5C0DB5B08}.Release|Mixed Platforms.Build.0 = Release|Any CPU
		{BFF6FB3E-E2F1-494B-963C-C5A5C0DB5B08}.Release|x64.ActiveCfg = Release|Any CPU
		{BFF6FB3E-E2F1-494B-963C-C5A5C0DB5B08}.Release|x64.Build.0 = Release|Any CPU
		{BFF6FB3E-E2F1-494B-963C-C5A5C0DB5B08}.Release|x86.ActiveCfg = Release|Any CPU
		{BFF6FB3E-E2F1-494B-963C-C5A5C0DB5B08}.Release|x86.Build.0 = Release|Any CPU
		{6DE61DC4-0243-4A7F-B0BB-753EA850D3C8}.Debug|Any CPU.ActiveCfg = Debug|Any CPU
		{6DE61DC4-0243-4A7F-B0BB-753EA850D3C8}.Debug|Any CPU.Build.0 = Debug|Any CPU
		{6DE61DC4-0243-4A7F-B0BB-753EA850D3C8}.Debug|Mixed Platforms.ActiveCfg = Debug|Any CPU
		{6DE61DC4-0243-4A7F-B0BB-753EA850D3C8}.Debug|Mixed Platforms.Build.0 = Debug|Any CPU
		{6DE61DC4-0243-4A7F-B0BB-753EA850D3C8}.Debug|x64.ActiveCfg = Debug|Any CPU
		{6DE61DC4-0243-4A7F-B0BB-753EA850D3C8}.Debug|x64.Build.0 = Debug|Any CPU
		{6DE61DC4-0243-4A7F-B0BB-753EA850D3C8}.Debug|x86.ActiveCfg = Debug|Any CPU
		{6DE61DC4-0243-4A7F-B0BB-753EA850D3C8}.Debug|x86.Build.0 = Debug|Any CPU
		{6DE61DC4-0243-4A7F-B0BB-753EA850D3C8}.Default|Any CPU.ActiveCfg = Debug|Any CPU
		{6DE61DC4-0243-4A7F-B0BB-753EA850D3C8}.Default|Any CPU.Build.0 = Debug|Any CPU
		{6DE61DC4-0243-4A7F-B0BB-753EA850D3C8}.Default|Mixed Platforms.ActiveCfg = Debug|Any CPU
		{6DE61DC4-0243-4A7F-B0BB-753EA850D3C8}.Default|Mixed Platforms.Build.0 = Debug|Any CPU
		{6DE61DC4-0243-4A7F-B0BB-753EA850D3C8}.Default|x64.ActiveCfg = Debug|Any CPU
		{6DE61DC4-0243-4A7F-B0BB-753EA850D3C8}.Default|x64.Build.0 = Debug|Any CPU
		{6DE61DC4-0243-4A7F-B0BB-753EA850D3C8}.Default|x86.ActiveCfg = Debug|Any CPU
		{6DE61DC4-0243-4A7F-B0BB-753EA850D3C8}.Default|x86.Build.0 = Debug|Any CPU
		{6DE61DC4-0243-4A7F-B0BB-753EA850D3C8}.Release|Any CPU.ActiveCfg = Release|Any CPU
		{6DE61DC4-0243-4A7F-B0BB-753EA850D3C8}.Release|Any CPU.Build.0 = Release|Any CPU
		{6DE61DC4-0243-4A7F-B0BB-753EA850D3C8}.Release|Mixed Platforms.ActiveCfg = Release|Any CPU
		{6DE61DC4-0243-4A7F-B0BB-753EA850D3C8}.Release|Mixed Platforms.Build.0 = Release|Any CPU
		{6DE61DC4-0243-4A7F-B0BB-753EA850D3C8}.Release|x64.ActiveCfg = Release|Any CPU
		{6DE61DC4-0243-4A7F-B0BB-753EA850D3C8}.Release|x64.Build.0 = Release|Any CPU
		{6DE61DC4-0243-4A7F-B0BB-753EA850D3C8}.Release|x86.ActiveCfg = Release|Any CPU
		{6DE61DC4-0243-4A7F-B0BB-753EA850D3C8}.Release|x86.Build.0 = Release|Any CPU
		{2B4E04E5-6BB8-4E8B-A83A-501180939A9D}.Debug|Any CPU.ActiveCfg = Debug|Any CPU
		{2B4E04E5-6BB8-4E8B-A83A-501180939A9D}.Debug|Any CPU.Build.0 = Debug|Any CPU
		{2B4E04E5-6BB8-4E8B-A83A-501180939A9D}.Debug|Mixed Platforms.ActiveCfg = Debug|Any CPU
		{2B4E04E5-6BB8-4E8B-A83A-501180939A9D}.Debug|Mixed Platforms.Build.0 = Debug|Any CPU
		{2B4E04E5-6BB8-4E8B-A83A-501180939A9D}.Debug|x64.ActiveCfg = Debug|Any CPU
		{2B4E04E5-6BB8-4E8B-A83A-501180939A9D}.Debug|x64.Build.0 = Debug|Any CPU
		{2B4E04E5-6BB8-4E8B-A83A-501180939A9D}.Debug|x86.ActiveCfg = Debug|Any CPU
		{2B4E04E5-6BB8-4E8B-A83A-501180939A9D}.Debug|x86.Build.0 = Debug|Any CPU
		{2B4E04E5-6BB8-4E8B-A83A-501180939A9D}.Default|Any CPU.ActiveCfg = Debug|Any CPU
		{2B4E04E5-6BB8-4E8B-A83A-501180939A9D}.Default|Any CPU.Build.0 = Debug|Any CPU
		{2B4E04E5-6BB8-4E8B-A83A-501180939A9D}.Default|Mixed Platforms.ActiveCfg = Debug|Any CPU
		{2B4E04E5-6BB8-4E8B-A83A-501180939A9D}.Default|Mixed Platforms.Build.0 = Debug|Any CPU
		{2B4E04E5-6BB8-4E8B-A83A-501180939A9D}.Default|x64.ActiveCfg = Debug|Any CPU
		{2B4E04E5-6BB8-4E8B-A83A-501180939A9D}.Default|x64.Build.0 = Debug|Any CPU
		{2B4E04E5-6BB8-4E8B-A83A-501180939A9D}.Default|x86.ActiveCfg = Debug|Any CPU
		{2B4E04E5-6BB8-4E8B-A83A-501180939A9D}.Default|x86.Build.0 = Debug|Any CPU
		{2B4E04E5-6BB8-4E8B-A83A-501180939A9D}.Release|Any CPU.ActiveCfg = Release|Any CPU
		{2B4E04E5-6BB8-4E8B-A83A-501180939A9D}.Release|Any CPU.Build.0 = Release|Any CPU
		{2B4E04E5-6BB8-4E8B-A83A-501180939A9D}.Release|Mixed Platforms.ActiveCfg = Release|Any CPU
		{2B4E04E5-6BB8-4E8B-A83A-501180939A9D}.Release|Mixed Platforms.Build.0 = Release|Any CPU
		{2B4E04E5-6BB8-4E8B-A83A-501180939A9D}.Release|x64.ActiveCfg = Release|Any CPU
		{2B4E04E5-6BB8-4E8B-A83A-501180939A9D}.Release|x64.Build.0 = Release|Any CPU
		{2B4E04E5-6BB8-4E8B-A83A-501180939A9D}.Release|x86.ActiveCfg = Release|Any CPU
		{2B4E04E5-6BB8-4E8B-A83A-501180939A9D}.Release|x86.Build.0 = Release|Any CPU
		{501DEEC1-5738-465F-9AB2-4A9FF95A34E9}.Debug|Any CPU.ActiveCfg = Debug|Any CPU
		{501DEEC1-5738-465F-9AB2-4A9FF95A34E9}.Debug|Any CPU.Build.0 = Debug|Any CPU
		{501DEEC1-5738-465F-9AB2-4A9FF95A34E9}.Debug|Mixed Platforms.ActiveCfg = Debug|Any CPU
		{501DEEC1-5738-465F-9AB2-4A9FF95A34E9}.Debug|Mixed Platforms.Build.0 = Debug|Any CPU
		{501DEEC1-5738-465F-9AB2-4A9FF95A34E9}.Debug|x64.ActiveCfg = Debug|Any CPU
		{501DEEC1-5738-465F-9AB2-4A9FF95A34E9}.Debug|x64.Build.0 = Debug|Any CPU
		{501DEEC1-5738-465F-9AB2-4A9FF95A34E9}.Debug|x86.ActiveCfg = Debug|Any CPU
		{501DEEC1-5738-465F-9AB2-4A9FF95A34E9}.Debug|x86.Build.0 = Debug|Any CPU
		{501DEEC1-5738-465F-9AB2-4A9FF95A34E9}.Default|Any CPU.ActiveCfg = Debug|Any CPU
		{501DEEC1-5738-465F-9AB2-4A9FF95A34E9}.Default|Any CPU.Build.0 = Debug|Any CPU
		{501DEEC1-5738-465F-9AB2-4A9FF95A34E9}.Default|Mixed Platforms.ActiveCfg = Debug|Any CPU
		{501DEEC1-5738-465F-9AB2-4A9FF95A34E9}.Default|Mixed Platforms.Build.0 = Debug|Any CPU
		{501DEEC1-5738-465F-9AB2-4A9FF95A34E9}.Default|x64.ActiveCfg = Debug|Any CPU
		{501DEEC1-5738-465F-9AB2-4A9FF95A34E9}.Default|x64.Build.0 = Debug|Any CPU
		{501DEEC1-5738-465F-9AB2-4A9FF95A34E9}.Default|x86.ActiveCfg = Debug|Any CPU
		{501DEEC1-5738-465F-9AB2-4A9FF95A34E9}.Default|x86.Build.0 = Debug|Any CPU
		{501DEEC1-5738-465F-9AB2-4A9FF95A34E9}.Release|Any CPU.ActiveCfg = Release|Any CPU
		{501DEEC1-5738-465F-9AB2-4A9FF95A34E9}.Release|Any CPU.Build.0 = Release|Any CPU
		{501DEEC1-5738-465F-9AB2-4A9FF95A34E9}.Release|Mixed Platforms.ActiveCfg = Release|Any CPU
		{501DEEC1-5738-465F-9AB2-4A9FF95A34E9}.Release|Mixed Platforms.Build.0 = Release|Any CPU
		{501DEEC1-5738-465F-9AB2-4A9FF95A34E9}.Release|x64.ActiveCfg = Release|Any CPU
		{501DEEC1-5738-465F-9AB2-4A9FF95A34E9}.Release|x64.Build.0 = Release|Any CPU
		{501DEEC1-5738-465F-9AB2-4A9FF95A34E9}.Release|x86.ActiveCfg = Release|Any CPU
		{501DEEC1-5738-465F-9AB2-4A9FF95A34E9}.Release|x86.Build.0 = Release|Any CPU
		{3689ED7B-D457-4E8C-AD19-5AFAD297F6AA}.Debug|Any CPU.ActiveCfg = Debug|Any CPU
		{3689ED7B-D457-4E8C-AD19-5AFAD297F6AA}.Debug|Any CPU.Build.0 = Debug|Any CPU
		{3689ED7B-D457-4E8C-AD19-5AFAD297F6AA}.Debug|Mixed Platforms.ActiveCfg = Debug|Any CPU
		{3689ED7B-D457-4E8C-AD19-5AFAD297F6AA}.Debug|Mixed Platforms.Build.0 = Debug|Any CPU
		{3689ED7B-D457-4E8C-AD19-5AFAD297F6AA}.Debug|x64.ActiveCfg = Debug|Any CPU
		{3689ED7B-D457-4E8C-AD19-5AFAD297F6AA}.Debug|x64.Build.0 = Debug|Any CPU
		{3689ED7B-D457-4E8C-AD19-5AFAD297F6AA}.Debug|x86.ActiveCfg = Debug|Any CPU
		{3689ED7B-D457-4E8C-AD19-5AFAD297F6AA}.Debug|x86.Build.0 = Debug|Any CPU
		{3689ED7B-D457-4E8C-AD19-5AFAD297F6AA}.Default|Any CPU.ActiveCfg = Debug|Any CPU
		{3689ED7B-D457-4E8C-AD19-5AFAD297F6AA}.Default|Any CPU.Build.0 = Debug|Any CPU
		{3689ED7B-D457-4E8C-AD19-5AFAD297F6AA}.Default|Mixed Platforms.ActiveCfg = Debug|Any CPU
		{3689ED7B-D457-4E8C-AD19-5AFAD297F6AA}.Default|Mixed Platforms.Build.0 = Debug|Any CPU
		{3689ED7B-D457-4E8C-AD19-5AFAD297F6AA}.Default|x64.ActiveCfg = Debug|Any CPU
		{3689ED7B-D457-4E8C-AD19-5AFAD297F6AA}.Default|x64.Build.0 = Debug|Any CPU
		{3689ED7B-D457-4E8C-AD19-5AFAD297F6AA}.Default|x86.ActiveCfg = Debug|Any CPU
		{3689ED7B-D457-4E8C-AD19-5AFAD297F6AA}.Default|x86.Build.0 = Debug|Any CPU
		{3689ED7B-D457-4E8C-AD19-5AFAD297F6AA}.Release|Any CPU.ActiveCfg = Release|Any CPU
		{3689ED7B-D457-4E8C-AD19-5AFAD297F6AA}.Release|Any CPU.Build.0 = Release|Any CPU
		{3689ED7B-D457-4E8C-AD19-5AFAD297F6AA}.Release|Mixed Platforms.ActiveCfg = Release|Any CPU
		{3689ED7B-D457-4E8C-AD19-5AFAD297F6AA}.Release|Mixed Platforms.Build.0 = Release|Any CPU
		{3689ED7B-D457-4E8C-AD19-5AFAD297F6AA}.Release|x64.ActiveCfg = Release|Any CPU
		{3689ED7B-D457-4E8C-AD19-5AFAD297F6AA}.Release|x64.Build.0 = Release|Any CPU
		{3689ED7B-D457-4E8C-AD19-5AFAD297F6AA}.Release|x86.ActiveCfg = Release|Any CPU
		{3689ED7B-D457-4E8C-AD19-5AFAD297F6AA}.Release|x86.Build.0 = Release|Any CPU
		{CD36812A-C422-44B0-85E7-0F4DFC14868C}.Debug|Any CPU.ActiveCfg = Debug|x86
		{CD36812A-C422-44B0-85E7-0F4DFC14868C}.Debug|Any CPU.Build.0 = Debug|x86
		{CD36812A-C422-44B0-85E7-0F4DFC14868C}.Debug|Mixed Platforms.ActiveCfg = Debug|x86
		{CD36812A-C422-44B0-85E7-0F4DFC14868C}.Debug|Mixed Platforms.Build.0 = Debug|x86
		{CD36812A-C422-44B0-85E7-0F4DFC14868C}.Debug|x64.ActiveCfg = Debug|x86
		{CD36812A-C422-44B0-85E7-0F4DFC14868C}.Debug|x64.Build.0 = Debug|x86
		{CD36812A-C422-44B0-85E7-0F4DFC14868C}.Debug|x86.ActiveCfg = Debug|x86
		{CD36812A-C422-44B0-85E7-0F4DFC14868C}.Debug|x86.Build.0 = Debug|x86
		{CD36812A-C422-44B0-85E7-0F4DFC14868C}.Default|Any CPU.ActiveCfg = Debug|x86
		{CD36812A-C422-44B0-85E7-0F4DFC14868C}.Default|Any CPU.Build.0 = Debug|x86
		{CD36812A-C422-44B0-85E7-0F4DFC14868C}.Default|Mixed Platforms.ActiveCfg = Debug|x86
		{CD36812A-C422-44B0-85E7-0F4DFC14868C}.Default|Mixed Platforms.Build.0 = Debug|x86
		{CD36812A-C422-44B0-85E7-0F4DFC14868C}.Default|x64.ActiveCfg = Release|x86
		{CD36812A-C422-44B0-85E7-0F4DFC14868C}.Default|x64.Build.0 = Release|x86
		{CD36812A-C422-44B0-85E7-0F4DFC14868C}.Default|x86.ActiveCfg = Debug|x86
		{CD36812A-C422-44B0-85E7-0F4DFC14868C}.Default|x86.Build.0 = Debug|x86
		{CD36812A-C422-44B0-85E7-0F4DFC14868C}.Release|Any CPU.ActiveCfg = Release|x86
		{CD36812A-C422-44B0-85E7-0F4DFC14868C}.Release|Any CPU.Build.0 = Release|x86
		{CD36812A-C422-44B0-85E7-0F4DFC14868C}.Release|Mixed Platforms.ActiveCfg = Release|x86
		{CD36812A-C422-44B0-85E7-0F4DFC14868C}.Release|Mixed Platforms.Build.0 = Release|x86
		{CD36812A-C422-44B0-85E7-0F4DFC14868C}.Release|x64.ActiveCfg = Release|x86
		{CD36812A-C422-44B0-85E7-0F4DFC14868C}.Release|x64.Build.0 = Release|x86
		{CD36812A-C422-44B0-85E7-0F4DFC14868C}.Release|x86.ActiveCfg = Release|x86
		{CD36812A-C422-44B0-85E7-0F4DFC14868C}.Release|x86.Build.0 = Release|x86
	EndGlobalSection
	GlobalSection(SolutionProperties) = preSolution
		HideSolutionNode = FALSE
	EndGlobalSection
	GlobalSection(MonoDevelopProperties) = preSolution
		StartupItem = cosmos\Cosmos.csproj
	EndGlobalSection
EndGlobal
